// !$*UTF8*$!
{
	archiveVersion = 1;
	classes = {
	};
	objectVersion = 46;
	objects = {

/* Begin PBXBuildFile section */
		7D03A7121CE3DDDE00241873 /* NotesTrackerViewController.swift in Sources */ = {isa = PBXBuildFile; fileRef = 7D03A7111CE3DDDE00241873 /* NotesTrackerViewController.swift */; };
		7D04F7811CE10D3B00AB9E5B /* AddSupplementViewController.swift in Sources */ = {isa = PBXBuildFile; fileRef = 7D04F7801CE10D3B00AB9E5B /* AddSupplementViewController.swift */; };
		7D1B2CAF1CDED8E50051227E /* SupplementViewController.swift in Sources */ = {isa = PBXBuildFile; fileRef = 7D1B2CAE1CDED8E50051227E /* SupplementViewController.swift */; };
		7D1B2CB11CDEDAFA0051227E /* ExerciseViewController.swift in Sources */ = {isa = PBXBuildFile; fileRef = 7D1B2CB01CDEDAFA0051227E /* ExerciseViewController.swift */; };
		7D2849F81CE3CA13000BA46D /* SelectButton.swift in Sources */ = {isa = PBXBuildFile; fileRef = 7D2849F71CE3CA13000BA46D /* SelectButton.swift */; };
		7D30FED21CE18EE300FEC4B4 /* AddExerciseViewController.swift in Sources */ = {isa = PBXBuildFile; fileRef = 7D30FED11CE18EE300FEC4B4 /* AddExerciseViewController.swift */; };
		7D30FED41CE23EDE00FEC4B4 /* TodayViewController.swift in Sources */ = {isa = PBXBuildFile; fileRef = 7D30FED31CE23EDE00FEC4B4 /* TodayViewController.swift */; };
		7D6AE0AF1CDFEFB300744AB6 /* CoreDataDAO.swift in Sources */ = {isa = PBXBuildFile; fileRef = 7D6AE0AE1CDFEFB300744AB6 /* CoreDataDAO.swift */; };
		7D72C9911CDD010500859A75 /* StrikeThroughText.swift in Sources */ = {isa = PBXBuildFile; fileRef = 7D72C9901CDD010500859A75 /* StrikeThroughText.swift */; };
		7D9E40C41CDB9DD600FEE297 /* AppDelegate.swift in Sources */ = {isa = PBXBuildFile; fileRef = 7D9E40C31CDB9DD600FEE297 /* AppDelegate.swift */; };
		7D9E40C61CDB9DD600FEE297 /* ViewController.swift in Sources */ = {isa = PBXBuildFile; fileRef = 7D9E40C51CDB9DD600FEE297 /* ViewController.swift */; };
		7D9E40C91CDB9DD600FEE297 /* Main.storyboard in Resources */ = {isa = PBXBuildFile; fileRef = 7D9E40C71CDB9DD600FEE297 /* Main.storyboard */; };
		7D9E40CC1CDB9DD600FEE297 /* SupplementTracker.xcdatamodeld in Sources */ = {isa = PBXBuildFile; fileRef = 7D9E40CA1CDB9DD600FEE297 /* SupplementTracker.xcdatamodeld */; };
		7D9E40CE1CDB9DD600FEE297 /* Assets.xcassets in Resources */ = {isa = PBXBuildFile; fileRef = 7D9E40CD1CDB9DD600FEE297 /* Assets.xcassets */; };
		7D9E40D11CDB9DD600FEE297 /* LaunchScreen.storyboard in Resources */ = {isa = PBXBuildFile; fileRef = 7D9E40CF1CDB9DD600FEE297 /* LaunchScreen.storyboard */; };
		7D9E40D91CDBB8A500FEE297 /* TableViewCell.swift in Sources */ = {isa = PBXBuildFile; fileRef = 7D9E40D81CDBB8A500FEE297 /* TableViewCell.swift */; };
		7DBFA0BE1CE75FE90080EE88 /* AddViewController.swift in Sources */ = {isa = PBXBuildFile; fileRef = 7DBFA0BD1CE75FE90080EE88 /* AddViewController.swift */; };
		7DBFA0C01CE813C70080EE88 /* EditViewController.swift in Sources */ = {isa = PBXBuildFile; fileRef = 7DBFA0BF1CE813C70080EE88 /* EditViewController.swift */; };
/* End PBXBuildFile section */

/* Begin PBXFileReference section */
		7D03A7111CE3DDDE00241873 /* NotesTrackerViewController.swift */ = {isa = PBXFileReference; fileEncoding = 4; lastKnownFileType = sourcecode.swift; path = NotesTrackerViewController.swift; sourceTree = "<group>"; };
		7D04F7801CE10D3B00AB9E5B /* AddSupplementViewController.swift */ = {isa = PBXFileReference; fileEncoding = 4; lastKnownFileType = sourcecode.swift; path = AddSupplementViewController.swift; sourceTree = "<group>"; };
		7D1B2CAE1CDED8E50051227E /* SupplementViewController.swift */ = {isa = PBXFileReference; fileEncoding = 4; lastKnownFileType = sourcecode.swift; path = SupplementViewController.swift; sourceTree = "<group>"; };
		7D1B2CB01CDEDAFA0051227E /* ExerciseViewController.swift */ = {isa = PBXFileReference; fileEncoding = 4; lastKnownFileType = sourcecode.swift; path = ExerciseViewController.swift; sourceTree = "<group>"; };
		7D2849F71CE3CA13000BA46D /* SelectButton.swift */ = {isa = PBXFileReference; fileEncoding = 4; lastKnownFileType = sourcecode.swift; path = SelectButton.swift; sourceTree = "<group>"; };
		7D30FED11CE18EE300FEC4B4 /* AddExerciseViewController.swift */ = {isa = PBXFileReference; fileEncoding = 4; lastKnownFileType = sourcecode.swift; path = AddExerciseViewController.swift; sourceTree = "<group>"; };
		7D30FED31CE23EDE00FEC4B4 /* TodayViewController.swift */ = {isa = PBXFileReference; fileEncoding = 4; lastKnownFileType = sourcecode.swift; path = TodayViewController.swift; sourceTree = "<group>"; };
		7D6AE0AE1CDFEFB300744AB6 /* CoreDataDAO.swift */ = {isa = PBXFileReference; fileEncoding = 4; lastKnownFileType = sourcecode.swift; path = CoreDataDAO.swift; sourceTree = "<group>"; };
		7D72C9901CDD010500859A75 /* StrikeThroughText.swift */ = {isa = PBXFileReference; fileEncoding = 4; lastKnownFileType = sourcecode.swift; path = StrikeThroughText.swift; sourceTree = "<group>"; };
		7D9E40C01CDB9DD600FEE297 /* SupplementTracker.app */ = {isa = PBXFileReference; explicitFileType = wrapper.application; includeInIndex = 0; path = SupplementTracker.app; sourceTree = BUILT_PRODUCTS_DIR; };
		7D9E40C31CDB9DD600FEE297 /* AppDelegate.swift */ = {isa = PBXFileReference; lastKnownFileType = sourcecode.swift; path = AppDelegate.swift; sourceTree = "<group>"; };
		7D9E40C51CDB9DD600FEE297 /* ViewController.swift */ = {isa = PBXFileReference; lastKnownFileType = sourcecode.swift; path = ViewController.swift; sourceTree = "<group>"; };
		7D9E40C81CDB9DD600FEE297 /* Base */ = {isa = PBXFileReference; lastKnownFileType = file.storyboard; name = Base; path = Base.lproj/Main.storyboard; sourceTree = "<group>"; };
		7D9E40CB1CDB9DD600FEE297 /* SupplementTracker.xcdatamodel */ = {isa = PBXFileReference; lastKnownFileType = wrapper.xcdatamodel; path = SupplementTracker.xcdatamodel; sourceTree = "<group>"; };
		7D9E40CD1CDB9DD600FEE297 /* Assets.xcassets */ = {isa = PBXFileReference; lastKnownFileType = folder.assetcatalog; path = Assets.xcassets; sourceTree = "<group>"; };
		7D9E40D01CDB9DD600FEE297 /* Base */ = {isa = PBXFileReference; lastKnownFileType = file.storyboard; name = Base; path = Base.lproj/LaunchScreen.storyboard; sourceTree = "<group>"; };
		7D9E40D21CDB9DD600FEE297 /* Info.plist */ = {isa = PBXFileReference; lastKnownFileType = text.plist.xml; path = Info.plist; sourceTree = "<group>"; };
		7D9E40D81CDBB8A500FEE297 /* TableViewCell.swift */ = {isa = PBXFileReference; fileEncoding = 4; lastKnownFileType = sourcecode.swift; path = TableViewCell.swift; sourceTree = "<group>"; };
		7DBFA0BD1CE75FE90080EE88 /* AddViewController.swift */ = {isa = PBXFileReference; fileEncoding = 4; lastKnownFileType = sourcecode.swift; path = AddViewController.swift; sourceTree = "<group>"; };
		7DBFA0BF1CE813C70080EE88 /* EditViewController.swift */ = {isa = PBXFileReference; fileEncoding = 4; lastKnownFileType = sourcecode.swift; path = EditViewController.swift; sourceTree = "<group>"; };
/* End PBXFileReference section */

/* Begin PBXFrameworksBuildPhase section */
		7D9E40BD1CDB9DD600FEE297 /* Frameworks */ = {
			isa = PBXFrameworksBuildPhase;
			buildActionMask = 2147483647;
			files = (
			);
			runOnlyForDeploymentPostprocessing = 0;
		};
/* End PBXFrameworksBuildPhase section */

/* Begin PBXGroup section */
		7D9E40B71CDB9DD600FEE297 = {
			isa = PBXGroup;
			children = (
				7D9E40C21CDB9DD600FEE297 /* SupplementTracker */,
				7D9E40C11CDB9DD600FEE297 /* Products */,
			);
			sourceTree = "<group>";
		};
		7D9E40C11CDB9DD600FEE297 /* Products */ = {
			isa = PBXGroup;
			children = (
				7D9E40C01CDB9DD600FEE297 /* SupplementTracker.app */,
			);
			name = Products;
			sourceTree = "<group>";
		};
		7D9E40C21CDB9DD600FEE297 /* SupplementTracker */ = {
			isa = PBXGroup;
			children = (
				7D2849F71CE3CA13000BA46D /* SelectButton.swift */,
				7D9E40C31CDB9DD600FEE297 /* AppDelegate.swift */,
				7D9E40C51CDB9DD600FEE297 /* ViewController.swift */,
				7D6AE0AE1CDFEFB300744AB6 /* CoreDataDAO.swift */,
				7D1B2CB01CDEDAFA0051227E /* ExerciseViewController.swift */,
				7D1B2CAE1CDED8E50051227E /* SupplementViewController.swift */,
				7D9E40D81CDBB8A500FEE297 /* TableViewCell.swift */,
				7D72C9901CDD010500859A75 /* StrikeThroughText.swift */,
				7D9E40C71CDB9DD600FEE297 /* Main.storyboard */,
				7D04F7801CE10D3B00AB9E5B /* AddSupplementViewController.swift */,
				7D30FED11CE18EE300FEC4B4 /* AddExerciseViewController.swift */,
				7DBFA0BD1CE75FE90080EE88 /* AddViewController.swift */,
				7DBFA0BF1CE813C70080EE88 /* EditViewController.swift */,
				7D9E40CD1CDB9DD600FEE297 /* Assets.xcassets */,
				7D9E40CF1CDB9DD600FEE297 /* LaunchScreen.storyboard */,
				7D9E40D21CDB9DD600FEE297 /* Info.plist */,
				7D9E40CA1CDB9DD600FEE297 /* SupplementTracker.xcdatamodeld */,
				7D30FED31CE23EDE00FEC4B4 /* TodayViewController.swift */,
				7D03A7111CE3DDDE00241873 /* NotesTrackerViewController.swift */,
			);
			path = SupplementTracker;
			sourceTree = "<group>";
		};
/* End PBXGroup section */

/* Begin PBXNativeTarget section */
		7D9E40BF1CDB9DD600FEE297 /* SupplementTracker */ = {
			isa = PBXNativeTarget;
			buildConfigurationList = 7D9E40D51CDB9DD600FEE297 /* Build configuration list for PBXNativeTarget "SupplementTracker" */;
			buildPhases = (
				7D9E40BC1CDB9DD600FEE297 /* Sources */,
				7D9E40BD1CDB9DD600FEE297 /* Frameworks */,
				7D9E40BE1CDB9DD600FEE297 /* Resources */,
			);
			buildRules = (
			);
			dependencies = (
			);
			name = SupplementTracker;
			productName = SupplementTracker;
			productReference = 7D9E40C01CDB9DD600FEE297 /* SupplementTracker.app */;
			productType = "com.apple.product-type.application";
		};
/* End PBXNativeTarget section */

/* Begin PBXProject section */
		7D9E40B81CDB9DD600FEE297 /* Project object */ = {
			isa = PBXProject;
			attributes = {
				LastSwiftUpdateCheck = 0710;
				LastUpgradeCheck = 0710;
				ORGANIZATIONNAME = "Tyler Moon";
				TargetAttributes = {
					7D9E40BF1CDB9DD600FEE297 = {
						CreatedOnToolsVersion = 7.1.1;
						DevelopmentTeam = 235GH6X5TV;
					};
				};
			};
			buildConfigurationList = 7D9E40BB1CDB9DD600FEE297 /* Build configuration list for PBXProject "SupplementTracker" */;
			compatibilityVersion = "Xcode 3.2";
			developmentRegion = English;
			hasScannedForEncodings = 0;
			knownRegions = (
				en,
				Base,
			);
			mainGroup = 7D9E40B71CDB9DD600FEE297;
			productRefGroup = 7D9E40C11CDB9DD600FEE297 /* Products */;
			projectDirPath = "";
			projectRoot = "";
			targets = (
				7D9E40BF1CDB9DD600FEE297 /* SupplementTracker */,
			);
		};
/* End PBXProject section */

/* Begin PBXResourcesBuildPhase section */
		7D9E40BE1CDB9DD600FEE297 /* Resources */ = {
			isa = PBXResourcesBuildPhase;
			buildActionMask = 2147483647;
			files = (
				7D9E40D11CDB9DD600FEE297 /* LaunchScreen.storyboard in Resources */,
				7D9E40CE1CDB9DD600FEE297 /* Assets.xcassets in Resources */,
				7D9E40C91CDB9DD600FEE297 /* Main.storyboard in Resources */,
			);
			runOnlyForDeploymentPostprocessing = 0;
		};
/* End PBXResourcesBuildPhase section */

/* Begin PBXSourcesBuildPhase section */
		7D9E40BC1CDB9DD600FEE297 /* Sources */ = {
			isa = PBXSourcesBuildPhase;
			buildActionMask = 2147483647;
			files = (
				7D72C9911CDD010500859A75 /* StrikeThroughText.swift in Sources */,
				7D1B2CB11CDEDAFA0051227E /* ExerciseViewController.swift in Sources */,
				7DBFA0BE1CE75FE90080EE88 /* AddViewController.swift in Sources */,
				7D30FED21CE18EE300FEC4B4 /* AddExerciseViewController.swift in Sources */,
				7D04F7811CE10D3B00AB9E5B /* AddSupplementViewController.swift in Sources */,
				7DBFA0C01CE813C70080EE88 /* EditViewController.swift in Sources */,
				7D9E40CC1CDB9DD600FEE297 /* SupplementTracker.xcdatamodeld in Sources */,
				7D03A7121CE3DDDE00241873 /* NotesTrackerViewController.swift in Sources */,
				7D6AE0AF1CDFEFB300744AB6 /* CoreDataDAO.swift in Sources */,
				7D9E40D91CDBB8A500FEE297 /* TableViewCell.swift in Sources */,
				7D9E40C61CDB9DD600FEE297 /* ViewController.swift in Sources */,
				7D9E40C41CDB9DD600FEE297 /* AppDelegate.swift in Sources */,
				7D2849F81CE3CA13000BA46D /* SelectButton.swift in Sources */,
				7D1B2CAF1CDED8E50051227E /* SupplementViewController.swift in Sources */,
				7D30FED41CE23EDE00FEC4B4 /* TodayViewController.swift in Sources */,
			);
			runOnlyForDeploymentPostprocessing = 0;
		};
/* End PBXSourcesBuildPhase section */

/* Begin PBXVariantGroup section */
		7D9E40C71CDB9DD600FEE297 /* Main.storyboard */ = {
			isa = PBXVariantGroup;
			children = (
				7D9E40C81CDB9DD600FEE297 /* Base */,
			);
			name = Main.storyboard;
			sourceTree = "<group>";
		};
		7D9E40CF1CDB9DD600FEE297 /* LaunchScreen.storyboard */ = {
			isa = PBXVariantGroup;
			children = (
				7D9E40D01CDB9DD600FEE297 /* Base */,
			);
			name = LaunchScreen.storyboard;
			sourceTree = "<group>";
		};
/* End PBXVariantGroup section */

/* Begin XCBuildConfiguration section */
		7D9E40D31CDB9DD600FEE297 /* Debug */ = {
			isa = XCBuildConfiguration;
			buildSettings = {
				ALWAYS_SEARCH_USER_PATHS = NO;
				CLANG_CXX_LANGUAGE_STANDARD = "gnu++0x";
				CLANG_CXX_LIBRARY = "libc++";
				CLANG_ENABLE_MODULES = YES;
				CLANG_ENABLE_OBJC_ARC = YES;
				CLANG_WARN_BOOL_CONVERSION = YES;
				CLANG_WARN_CONSTANT_CONVERSION = YES;
				CLANG_WARN_DIRECT_OBJC_ISA_USAGE = YES_ERROR;
				CLANG_WARN_EMPTY_BODY = YES;
				CLANG_WARN_ENUM_CONVERSION = YES;
				CLANG_WARN_INT_CONVERSION = YES;
				CLANG_WARN_OBJC_ROOT_CLASS = YES_ERROR;
				CLANG_WARN_UNREACHABLE_CODE = YES;
				CLANG_WARN__DUPLICATE_METHOD_MATCH = YES;
				"CODE_SIGN_IDENTITY[sdk=iphoneos*]" = "iPhone Developer";
				COPY_PHASE_STRIP = NO;
				DEBUG_INFORMATION_FORMAT = dwarf;
				ENABLE_STRICT_OBJC_MSGSEND = YES;
				ENABLE_TESTABILITY = YES;
				GCC_C_LANGUAGE_STANDARD = gnu99;
				GCC_DYNAMIC_NO_PIC = NO;
				GCC_NO_COMMON_BLOCKS = YES;
				GCC_OPTIMIZATION_LEVEL = 0;
				GCC_PREPROCESSOR_DEFINITIONS = (
					"DEBUG=1",
					"$(inherited)",
				);
				GCC_WARN_64_TO_32_BIT_CONVERSION = YES;
				GCC_WARN_ABOUT_RETURN_TYPE = YES_ERROR;
				GCC_WARN_UNDECLARED_SELECTOR = YES;
				GCC_WARN_UNINITIALIZED_AUTOS = YES_AGGRESSIVE;
				GCC_WARN_UNUSED_FUNCTION = YES;
				GCC_WARN_UNUSED_VARIABLE = YES;
				IPHONEOS_DEPLOYMENT_TARGET = 9.1;
				MTL_ENABLE_DEBUG_INFO = YES;
				ONLY_ACTIVE_ARCH = YES;
				SDKROOT = iphoneos;
				SWIFT_OPTIMIZATION_LEVEL = "-Onone";
			};
			name = Debug;
		};
		7D9E40D41CDB9DD600FEE297 /* Release */ = {
			isa = XCBuildConfiguration;
			buildSettings = {
				ALWAYS_SEARCH_USER_PATHS = NO;
				CLANG_CXX_LANGUAGE_STANDARD = "gnu++0x";
				CLANG_CXX_LIBRARY = "libc++";
				CLANG_ENABLE_MODULES = YES;
				CLANG_ENABLE_OBJC_ARC = YES;
				CLANG_WARN_BOOL_CONVERSION = YES;
				CLANG_WARN_CONSTANT_CONVERSION = YES;
				CLANG_WARN_DIRECT_OBJC_ISA_USAGE = YES_ERROR;
				CLANG_WARN_EMPTY_BODY = YES;
				CLANG_WARN_ENUM_CONVERSION = YES;
				CLANG_WARN_INT_CONVERSION = YES;
				CLANG_WARN_OBJC_ROOT_CLASS = YES_ERROR;
				CLANG_WARN_UNREACHABLE_CODE = YES;
				CLANG_WARN__DUPLICATE_METHOD_MATCH = YES;
				"CODE_SIGN_IDENTITY[sdk=iphoneos*]" = "iPhone Developer";
				COPY_PHASE_STRIP = NO;
				DEBUG_INFORMATION_FORMAT = "dwarf-with-dsym";
				ENABLE_NS_ASSERTIONS = NO;
				ENABLE_STRICT_OBJC_MSGSEND = YES;
				GCC_C_LANGUAGE_STANDARD = gnu99;
				GCC_NO_COMMON_BLOCKS = YES;
				GCC_WARN_64_TO_32_BIT_CONVERSION = YES;
				GCC_WARN_ABOUT_RETURN_TYPE = YES_ERROR;
				GCC_WARN_UNDECLARED_SELECTOR = YES;
				GCC_WARN_UNINITIALIZED_AUTOS = YES_AGGRESSIVE;
				GCC_WARN_UNUSED_FUNCTION = YES;
				GCC_WARN_UNUSED_VARIABLE = YES;
				IPHONEOS_DEPLOYMENT_TARGET = 9.1;
				MTL_ENABLE_DEBUG_INFO = NO;
				SDKROOT = iphoneos;
				VALIDATE_PRODUCT = YES;
			};
			name = Release;
		};
		7D9E40D61CDB9DD600FEE297 /* Debug */ = {
			isa = XCBuildConfiguration;
			buildSettings = {
				ASSETCATALOG_COMPILER_APPICON_NAME = AppIcon;
				CODE_SIGN_IDENTITY = "iPhone Developer";
				"CODE_SIGN_IDENTITY[sdk=iphoneos*]" = "iPhone Developer";
				INFOPLIST_FILE = SupplementTracker/Info.plist;
				LD_RUNPATH_SEARCH_PATHS = "$(inherited) @executable_path/Frameworks";
				PRODUCT_BUNDLE_IDENTIFIER = com.bigtea.SupplementTracker;
				PRODUCT_NAME = "$(TARGET_NAME)";
				PROVISIONING_PROFILE = "";
			};
			name = Debug;
		};
		7D9E40D71CDB9DD600FEE297 /* Release */ = {
			isa = XCBuildConfiguration;
			buildSettings = {
				ASSETCATALOG_COMPILER_APPICON_NAME = AppIcon;
				CODE_SIGN_IDENTITY = "iPhone Developer";
				"CODE_SIGN_IDENTITY[sdk=iphoneos*]" = "iPhone Developer";
				INFOPLIST_FILE = SupplementTracker/Info.plist;
				LD_RUNPATH_SEARCH_PATHS = "$(inherited) @executable_path/Frameworks";
				PRODUCT_BUNDLE_IDENTIFIER = com.bigtea.SupplementTracker;
				PRODUCT_NAME = "$(TARGET_NAME)";
				PROVISIONING_PROFILE = "";
			};
			name = Release;
		};
/* End XCBuildConfiguration section */

/* Begin XCConfigurationList section */
		7D9E40BB1CDB9DD600FEE297 /* Build configuration list for PBXProject "SupplementTracker" */ = {
			isa = XCConfigurationList;
			buildConfigurations = (
				7D9E40D31CDB9DD600FEE297 /* Debug */,
				7D9E40D41CDB9DD600FEE297 /* Release */,
			);
			defaultConfigurationIsVisible = 0;
			defaultConfigurationName = Release;
		};
		7D9E40D51CDB9DD600FEE297 /* Build configuration list for PBXNativeTarget "SupplementTracker" */ = {
			isa = XCConfigurationList;
			buildConfigurations = (
				7D9E40D61CDB9DD600FEE297 /* Debug */,
				7D9E40D71CDB9DD600FEE297 /* Release */,
			);
			defaultConfigurationIsVisible = 0;
			defaultConfigurationName = Release;
		};
/* End XCConfigurationList section */

/* Begin XCVersionGroup section */
		7D9E40CA1CDB9DD600FEE297 /* SupplementTracker.xcdatamodeld */ = {
			isa = XCVersionGroup;
			children = (
				7D9E40CB1CDB9DD600FEE297 /* SupplementTracker.xcdatamodel */,
			);
			currentVersion = 7D9E40CB1CDB9DD600FEE297 /* SupplementTracker.xcdatamodel */;
			path = SupplementTracker.xcdatamodeld;
			sourceTree = "<group>";
			versionGroupType = wrapper.xcdatamodel;
		};
/* End XCVersionGroup section */
	};
	rootObject = 7D9E40B81CDB9DD600FEE297 /* Project object */;
}
